
Microsoft Visual Studio Solution File, Format Version 12.00
# Visual Studio Version 17
VisualStudioVersion = 17.6.33801.468
MinimumVisualStudioVersion = 10.0.40219.1
Project("{FAE04EC0-301F-11D3-BF4B-00C04F79EFBC}") = "Forca", "Forca\Forca.csproj", "{5F4E4B78-60CB-4358-896D-85A15E085D06}"
EndProject
Global
	GlobalSection(SolutionConfigurationPlatforms) = preSolution
		Debug|Any CPU = Debug|Any CPU
		Release|Any CPU = Release|Any CPU
	EndGlobalSection
	GlobalSection(ProjectConfigurationPlatforms) = postSolution
		{5F4E4B78-60CB-4358-896D-85A15E085D06}.Debug|Any CPU.ActiveCfg = Debug|Any CPU
		{5F4E4B78-60CB-4358-896D-85A15E085D06}.Debug|Any CPU.Build.0 = Debug|Any CPU
		{5F4E4B78-60CB-4358-896D-85A15E085D06}.Release|Any CPU.ActiveCfg = Release|Any CPU
		{5F4E4B78-60CB-4358-896D-85A15E085D06}.Release|Any CPU.Build.0 = Release|Any CPU
	EndGlobalSection
	GlobalSection(SolutionProperties) = preSolution
		HideSolutionNode = FALSE
	EndGlobalSection
	GlobalSection(ExtensibilityGlobals) = postSolution
		SolutionGuid = {D81D82A4-5654-45A8-BB4F-63CE7DB5239B}
	EndGlobalSection
EndGlobal
